
Microsoft Visual Studio Solution File, Format Version 12.00
# Visual Studio Version 16
VisualStudioVersion = 16.0.29911.84
MinimumVisualStudioVersion = 10.0.40219.1
Project("{9A19103F-16F7-4668-BE54-9A1E7A4F7556}") = "cloudApp", "cloudApp.csproj", "{5472DA86-CBF2-465C-92BA-FE84A88EDB93}"
EndProject
Project("{FAE04EC0-301F-11D3-BF4B-00C04F79EFBC}") = "ThumbnailGeneratorFun", "..\ThumbnailGeneratorFun\ThumbnailGeneratorFun.csproj", "{0EBE2968-0906-4923-B9DB-0ECD6E09F0B5}"
EndProject
Global
	GlobalSection(SolutionConfigurationPlatforms) = preSolution
		Debug|Any CPU = Debug|Any CPU
		Release|Any CPU = Release|Any CPU
	EndGlobalSection
	GlobalSection(ProjectConfigurationPlatforms) = postSolution
		{5472DA86-CBF2-465C-92BA-FE84A88EDB93}.Debug|Any CPU.ActiveCfg = Debug|Any CPU
		{5472DA86-CBF2-465C-92BA-FE84A88EDB93}.Debug|Any CPU.Build.0 = Debug|Any CPU
		{5472DA86-CBF2-465C-92BA-FE84A88EDB93}.Release|Any CPU.ActiveCfg = Release|Any CPU
		{5472DA86-CBF2-465C-92BA-FE84A88EDB93}.Release|Any CPU.Build.0 = Release|Any CPU
		{0EBE2968-0906-4923-B9DB-0ECD6E09F0B5}.Debug|Any CPU.ActiveCfg = Debug|Any CPU
		{0EBE2968-0906-4923-B9DB-0ECD6E09F0B5}.Debug|Any CPU.Build.0 = Debug|Any CPU
		{0EBE2968-0906-4923-B9DB-0ECD6E09F0B5}.Release|Any CPU.ActiveCfg = Release|Any CPU
		{0EBE2968-0906-4923-B9DB-0ECD6E09F0B5}.Release|Any CPU.Build.0 = Release|Any CPU
	EndGlobalSection
	GlobalSection(SolutionProperties) = preSolution
		HideSolutionNode = FALSE
	EndGlobalSection
	GlobalSection(ExtensibilityGlobals) = postSolution
		SolutionGuid = {9DFE4443-B1FB-4AE7-9995-79C55AE2DFA7}
	EndGlobalSection
EndGlobal
